
Microsoft Visual Studio Solution File, Format Version 12.00
# Visual Studio 14
VisualStudioVersion = 14.0.25420.1
MinimumVisualStudioVersion = 10.0.40219.1
Project("{FAE04EC0-301F-11D3-BF4B-00C04F79EFBC}") = "BiztalkPowershellAdapter", "BiztalkPowershellAdapter\BiztalkPowershellAdapter.csproj", "{DBDDA9AC-504C-4485-948D-8DA8C0CDB1EE}"
EndProject
Project("{FAE04EC0-301F-11D3-BF4B-00C04F79EFBC}") = "Microsoft.Samples.BizTalk.Adapter.Common", "C:\Program Files (x86)\Microsoft BizTalk Server 2016\SDK\Samples\AdaptersDevelopment\BaseAdapter\v1.0.2\Microsoft.Samples.BizTalk.Adapter.Common.csproj", "{44B780E7-6D79-4BAF-9994-28CFFA1172A6}"
EndProject
Project("{FAE04EC0-301F-11D3-BF4B-00C04F79EFBC}") = "AdapterManagement", "AdapterManagement\AdapterManagement.csproj", "{9D373E82-D15C-4FC3-9F1F-EF14934AE9A1}"
EndProject
Project("{54435603-DBB4-11D2-8724-00A0C9A8B90C}") = "Installer", "Installer\Installer.vdproj", "{704DF11D-C776-435D-BC00-B998BA90B062}"
EndProject
Global
	GlobalSection(SolutionConfigurationPlatforms) = preSolution
		Debug|Any CPU = Debug|Any CPU
		Release|Any CPU = Release|Any CPU
	EndGlobalSection
	GlobalSection(ProjectConfigurationPlatforms) = postSolution
		{DBDDA9AC-504C-4485-948D-8DA8C0CDB1EE}.Debug|Any CPU.ActiveCfg = Debug|Any CPU
		{DBDDA9AC-504C-4485-948D-8DA8C0CDB1EE}.Debug|Any CPU.Build.0 = Debug|Any CPU
		{DBDDA9AC-504C-4485-948D-8DA8C0CDB1EE}.Release|Any CPU.ActiveCfg = Release|Any CPU
		{DBDDA9AC-504C-4485-948D-8DA8C0CDB1EE}.Release|Any CPU.Build.0 = Release|Any CPU
		{44B780E7-6D79-4BAF-9994-28CFFA1172A6}.Debug|Any CPU.ActiveCfg = Debug|Any CPU
		{44B780E7-6D79-4BAF-9994-28CFFA1172A6}.Debug|Any CPU.Build.0 = Debug|Any CPU
		{44B780E7-6D79-4BAF-9994-28CFFA1172A6}.Release|Any CPU.ActiveCfg = Release|Any CPU
		{44B780E7-6D79-4BAF-9994-28CFFA1172A6}.Release|Any CPU.Build.0 = Release|Any CPU
		{9D373E82-D15C-4FC3-9F1F-EF14934AE9A1}.Debug|Any CPU.ActiveCfg = Debug|Any CPU
		{9D373E82-D15C-4FC3-9F1F-EF14934AE9A1}.Debug|Any CPU.Build.0 = Debug|Any CPU
		{9D373E82-D15C-4FC3-9F1F-EF14934AE9A1}.Release|Any CPU.ActiveCfg = Release|Any CPU
		{9D373E82-D15C-4FC3-9F1F-EF14934AE9A1}.Release|Any CPU.Build.0 = Release|Any CPU
		{704DF11D-C776-435D-BC00-B998BA90B062}.Debug|Any CPU.ActiveCfg = Debug
		{704DF11D-C776-435D-BC00-B998BA90B062}.Debug|Any CPU.Build.0 = Debug
		{704DF11D-C776-435D-BC00-B998BA90B062}.Release|Any CPU.ActiveCfg = Release
		{704DF11D-C776-435D-BC00-B998BA90B062}.Release|Any CPU.Build.0 = Release
	EndGlobalSection
	GlobalSection(SolutionProperties) = preSolution
		HideSolutionNode = FALSE
	EndGlobalSection
EndGlobal
